
Microsoft Visual Studio Solution File, Format Version 12.00
# Visual Studio Version 16
VisualStudioVersion = 16.0.29926.136
MinimumVisualStudioVersion = 10.0.40219.1
Project("{FAE04EC0-301F-11D3-BF4B-00C04F79EFBC}") = "WCFServer", "WCFServer\WCFServer.csproj", "{B03C2C05-E7D8-40E9-9ED8-184CD0D5E7B0}"
EndProject
Project("{FAE04EC0-301F-11D3-BF4B-00C04F79EFBC}") = "WCFClient", "WCFClient\WCFClient.csproj", "{8C124340-17DB-40C0-8AB4-6AEDD37CABD2}"
EndProject
Project("{FAE04EC0-301F-11D3-BF4B-00C04F79EFBC}") = "Data", "Data\Data.csproj", "{A088F420-2C57-404E-980B-D989B0653208}"
EndProject
Project("{FAE04EC0-301F-11D3-BF4B-00C04F79EFBC}") = "Helper", "Helper\Helper.csproj", "{1899E7F0-5A54-4C88-9729-0AAA68BA06CD}"
EndProject
Project("{FAE04EC0-301F-11D3-BF4B-00C04F79EFBC}") = "ChatServer", "ChatServer\ChatServer.csproj", "{252DA48D-91AF-411A-B508-8E62A7AB1ADE}"
EndProject
Project("{FAE04EC0-301F-11D3-BF4B-00C04F79EFBC}") = "ChatClient", "ChatClient\ChatClient.csproj", "{7BDFC351-D6BF-4F4D-A6F2-7089D1E3D4DE}"
EndProject
Project("{2150E333-8FDC-42A3-9474-1A3956D46DE8}") = "Solution Items", "Solution Items", "{40F6B714-E83C-4615-817F-64E752F0E535}"
	ProjectSection(SolutionItems) = preProject
		log.txt = log.txt
	EndProjectSection
EndProject
Global
	GlobalSection(SolutionConfigurationPlatforms) = preSolution
		Debug|Any CPU = Debug|Any CPU
		Release|Any CPU = Release|Any CPU
	EndGlobalSection
	GlobalSection(ProjectConfigurationPlatforms) = postSolution
		{B03C2C05-E7D8-40E9-9ED8-184CD0D5E7B0}.Debug|Any CPU.ActiveCfg = Debug|Any CPU
		{B03C2C05-E7D8-40E9-9ED8-184CD0D5E7B0}.Debug|Any CPU.Build.0 = Debug|Any CPU
		{B03C2C05-E7D8-40E9-9ED8-184CD0D5E7B0}.Release|Any CPU.ActiveCfg = Release|Any CPU
		{B03C2C05-E7D8-40E9-9ED8-184CD0D5E7B0}.Release|Any CPU.Build.0 = Release|Any CPU
		{8C124340-17DB-40C0-8AB4-6AEDD37CABD2}.Debug|Any CPU.ActiveCfg = Debug|Any CPU
		{8C124340-17DB-40C0-8AB4-6AEDD37CABD2}.Debug|Any CPU.Build.0 = Debug|Any CPU
		{8C124340-17DB-40C0-8AB4-6AEDD37CABD2}.Release|Any CPU.ActiveCfg = Release|Any CPU
		{8C124340-17DB-40C0-8AB4-6AEDD37CABD2}.Release|Any CPU.Build.0 = Release|Any CPU
		{A088F420-2C57-404E-980B-D989B0653208}.Debug|Any CPU.ActiveCfg = Debug|Any CPU
		{A088F420-2C57-404E-980B-D989B0653208}.Debug|Any CPU.Build.0 = Debug|Any CPU
		{A088F420-2C57-404E-980B-D989B0653208}.Release|Any CPU.ActiveCfg = Release|Any CPU
		{A088F420-2C57-404E-980B-D989B0653208}.Release|Any CPU.Build.0 = Release|Any CPU
		{1899E7F0-5A54-4C88-9729-0AAA68BA06CD}.Debug|Any CPU.ActiveCfg = Debug|Any CPU
		{1899E7F0-5A54-4C88-9729-0AAA68BA06CD}.Debug|Any CPU.Build.0 = Debug|Any CPU
		{1899E7F0-5A54-4C88-9729-0AAA68BA06CD}.Release|Any CPU.ActiveCfg = Release|Any CPU
		{1899E7F0-5A54-4C88-9729-0AAA68BA06CD}.Release|Any CPU.Build.0 = Release|Any CPU
		{252DA48D-91AF-411A-B508-8E62A7AB1ADE}.Debug|Any CPU.ActiveCfg = Debug|Any CPU
		{252DA48D-91AF-411A-B508-8E62A7AB1ADE}.Debug|Any CPU.Build.0 = Debug|Any CPU
		{252DA48D-91AF-411A-B508-8E62A7AB1ADE}.Release|Any CPU.ActiveCfg = Release|Any CPU
		{252DA48D-91AF-411A-B508-8E62A7AB1ADE}.Release|Any CPU.Build.0 = Release|Any CPU
		{7BDFC351-D6BF-4F4D-A6F2-7089D1E3D4DE}.Debug|Any CPU.ActiveCfg = Debug|Any CPU
		{7BDFC351-D6BF-4F4D-A6F2-7089D1E3D4DE}.Debug|Any CPU.Build.0 = Debug|Any CPU
		{7BDFC351-D6BF-4F4D-A6F2-7089D1E3D4DE}.Release|Any CPU.ActiveCfg = Release|Any CPU
		{7BDFC351-D6BF-4F4D-A6F2-7089D1E3D4DE}.Release|Any CPU.Build.0 = Release|Any CPU
	EndGlobalSection
	GlobalSection(SolutionProperties) = preSolution
		HideSolutionNode = FALSE
	EndGlobalSection
	GlobalSection(ExtensibilityGlobals) = postSolution
		SolutionGuid = {B71298A9-DEF1-4009-8FE5-9EB9E4CF4CC8}
	EndGlobalSection
EndGlobal
